[{<<"bson">>,
  {git,"git://github.com/comtihon/bson-erlang",
       {ref,"0a2965e870efe17012aa278529d24bf525da682e"}},
  1},
 {<<"mongodb">>,
  {git,"https://github.com/comtihon/mongodb-erlang.git",
       {ref,"2ca204f97af6d12b08524378c99f9f14aecfd68e"}},
  0},
 {<<"pbkdf2">>,
  {git,"https://github.com/basho/erlang-pbkdf2.git",
       {ref,"7076584f5377e98600a7e2cb81980b2992fb2f71"}},
  1},
 {<<"poolboy">>,
  {git,"https://github.com/devinus/poolboy.git",
       {ref,"3bb48a893ff5598f7c73731ac17545206d259fac"}},
  0}].
